
Microsoft Visual Studio Solution File, Format Version 12.00
# Visual Studio Version 17
VisualStudioVersion = 17.9.34622.214
MinimumVisualStudioVersion = 10.0.40219.1
Project("{FAE04EC0-301F-11D3-BF4B-00C04F79EFBC}") = "Class02_homework", "Class02_homework\Class02_homework.csproj", "{A15D50A0-5458-4FAC-870E-636899713188}"
EndProject
Global
	GlobalSection(SolutionConfigurationPlatforms) = preSolution
		Debug|Any CPU = Debug|Any CPU
		Release|Any CPU = Release|Any CPU
	EndGlobalSection
	GlobalSection(ProjectConfigurationPlatforms) = postSolution
		{A15D50A0-5458-4FAC-870E-636899713188}.Debug|Any CPU.ActiveCfg = Debug|Any CPU
		{A15D50A0-5458-4FAC-870E-636899713188}.Debug|Any CPU.Build.0 = Debug|Any CPU
		{A15D50A0-5458-4FAC-870E-636899713188}.Release|Any CPU.ActiveCfg = Release|Any CPU
		{A15D50A0-5458-4FAC-870E-636899713188}.Release|Any CPU.Build.0 = Release|Any CPU
	EndGlobalSection
	GlobalSection(SolutionProperties) = preSolution
		HideSolutionNode = FALSE
	EndGlobalSection
	GlobalSection(ExtensibilityGlobals) = postSolution
		SolutionGuid = {A32CE5BE-5853-4D13-B1BB-C88FBB5F16A7}
	EndGlobalSection
EndGlobal
